// !$*UTF8*$!
{
	archiveVersion = 1;
	classes = {
	};
	objectVersion = 46;
	objects = {

/* Begin PBXBuildFile section */
		842D11D91D6E8E3300A1FF19 /* AppDelegate.swift in Sources */ = {isa = PBXBuildFile; fileRef = 842D11D81D6E8E3300A1FF19 /* AppDelegate.swift */; };
		842D11DB1D6E8E3300A1FF19 /* ViewController.swift in Sources */ = {isa = PBXBuildFile; fileRef = 842D11DA1D6E8E3300A1FF19 /* ViewController.swift */; };
		842D11DE1D6E8E3300A1FF19 /* Main.storyboard in Resources */ = {isa = PBXBuildFile; fileRef = 842D11DC1D6E8E3300A1FF19 /* Main.storyboard */; };
		842D11E01D6E8E3300A1FF19 /* Assets.xcassets in Resources */ = {isa = PBXBuildFile; fileRef = 842D11DF1D6E8E3300A1FF19 /* Assets.xcassets */; };
		842D11E31D6E8E3300A1FF19 /* LaunchScreen.storyboard in Resources */ = {isa = PBXBuildFile; fileRef = 842D11E11D6E8E3300A1FF19 /* LaunchScreen.storyboard */; };
		842D11EE1D6E8E3300A1FF19 /* PlayMusicVideoTests.swift in Sources */ = {isa = PBXBuildFile; fileRef = 842D11ED1D6E8E3300A1FF19 /* PlayMusicVideoTests.swift */; };
		842D11F91D6E8E3300A1FF19 /* PlayMusicVideoUITests.swift in Sources */ = {isa = PBXBuildFile; fileRef = 842D11F81D6E8E3300A1FF19 /* PlayMusicVideoUITests.swift */; };
		842D120B1D6E9AFF00A1FF19 /* play.png in Resources */ = {isa = PBXBuildFile; fileRef = 842D12081D6E9AFF00A1FF19 /* play.png */; };
		842D12111D6EA24C00A1FF19 /* We Don t Talk Anymore Heyder Remix - Charlie Puth Selena Gomez.mp3 in Resources */ = {isa = PBXBuildFile; fileRef = 842D12101D6EA24C00A1FF19 /* We Don t Talk Anymore Heyder Remix - Charlie Puth Selena Gomez.mp3 */; };
		842D12141D6EDB1400A1FF19 /* pause.png in Resources */ = {isa = PBXBuildFile; fileRef = 842D12121D6EDB1400A1FF19 /* pause.png */; };
		842D12151D6EDB1400A1FF19 /* stop.png in Resources */ = {isa = PBXBuildFile; fileRef = 842D12131D6EDB1400A1FF19 /* stop.png */; };
/* End PBXBuildFile section */

/* Begin PBXContainerItemProxy section */
		842D11EA1D6E8E3300A1FF19 /* PBXContainerItemProxy */ = {
			isa = PBXContainerItemProxy;
			containerPortal = 842D11CD1D6E8E3300A1FF19 /* Project object */;
			proxyType = 1;
			remoteGlobalIDString = 842D11D41D6E8E3300A1FF19;
			remoteInfo = PlayMusicVideo;
		};
		842D11F51D6E8E3300A1FF19 /* PBXContainerItemProxy */ = {
			isa = PBXContainerItemProxy;
			containerPortal = 842D11CD1D6E8E3300A1FF19 /* Project object */;
			proxyType = 1;
			remoteGlobalIDString = 842D11D41D6E8E3300A1FF19;
			remoteInfo = PlayMusicVideo;
		};
/* End PBXContainerItemProxy section */

/* Begin PBXFileReference section */
		842D11D51D6E8E3300A1FF19 /* PlayMusicVideo.app */ = {isa = PBXFileReference; explicitFileType = wrapper.application; includeInIndex = 0; path = PlayMusicVideo.app; sourceTree = BUILT_PRODUCTS_DIR; };
		842D11D81D6E8E3300A1FF19 /* AppDelegate.swift */ = {isa = PBXFileReference; lastKnownFileType = sourcecode.swift; path = AppDelegate.swift; sourceTree = "<group>"; };
		842D11DA1D6E8E3300A1FF19 /* ViewController.swift */ = {isa = PBXFileReference; lastKnownFileType = sourcecode.swift; path = ViewController.swift; sourceTree = "<group>"; };
		842D11DD1D6E8E3300A1FF19 /* Base */ = {isa = PBXFileReference; lastKnownFileType = file.storyboard; name = Base; path = Base.lproj/Main.storyboard; sourceTree = "<group>"; };
		842D11DF1D6E8E3300A1FF19 /* Assets.xcassets */ = {isa = PBXFileReference; lastKnownFileType = folder.assetcatalog; path = Assets.xcassets; sourceTree = "<group>"; };
		842D11E21D6E8E3300A1FF19 /* Base */ = {isa = PBXFileReference; lastKnownFileType = file.storyboard; name = Base; path = Base.lproj/LaunchScreen.storyboard; sourceTree = "<group>"; };
		842D11E41D6E8E3300A1FF19 /* Info.plist */ = {isa = PBXFileReference; lastKnownFileType = text.plist.xml; path = Info.plist; sourceTree = "<group>"; };
		842D11E91D6E8E3300A1FF19 /* PlayMusicVideoTests.xctest */ = {isa = PBXFileReference; explicitFileType = wrapper.cfbundle; includeInIndex = 0; path = PlayMusicVideoTests.xctest; sourceTree = BUILT_PRODUCTS_DIR; };
		842D11ED1D6E8E3300A1FF19 /* PlayMusicVideoTests.swift */ = {isa = PBXFileReference; lastKnownFileType = sourcecode.swift; path = PlayMusicVideoTests.swift; sourceTree = "<group>"; };
		842D11EF1D6E8E3300A1FF19 /* Info.plist */ = {isa = PBXFileReference; lastKnownFileType = text.plist.xml; path = Info.plist; sourceTree = "<group>"; };
		842D11F41D6E8E3300A1FF19 /* PlayMusicVideoUITests.xctest */ = {isa = PBXFileReference; explicitFileType = wrapper.cfbundle; includeInIndex = 0; path = PlayMusicVideoUITests.xctest; sourceTree = BUILT_PRODUCTS_DIR; };
		842D11F81D6E8E3300A1FF19 /* PlayMusicVideoUITests.swift */ = {isa = PBXFileReference; lastKnownFileType = sourcecode.swift; path = PlayMusicVideoUITests.swift; sourceTree = "<group>"; };
		842D11FA1D6E8E3300A1FF19 /* Info.plist */ = {isa = PBXFileReference; lastKnownFileType = text.plist.xml; path = Info.plist; sourceTree = "<group>"; };
		842D12081D6E9AFF00A1FF19 /* play.png */ = {isa = PBXFileReference; lastKnownFileType = image.png; path = play.png; sourceTree = "<group>"; };
		842D12101D6EA24C00A1FF19 /* We Don t Talk Anymore Heyder Remix - Charlie Puth Selena Gomez.mp3 */ = {isa = PBXFileReference; lastKnownFileType = audio.mp3; path = "We Don t Talk Anymore Heyder Remix - Charlie Puth Selena Gomez.mp3"; sourceTree = "<group>"; };
		842D12121D6EDB1400A1FF19 /* pause.png */ = {isa = PBXFileReference; lastKnownFileType = image.png; path = pause.png; sourceTree = "<group>"; };
		842D12131D6EDB1400A1FF19 /* stop.png */ = {isa = PBXFileReference; lastKnownFileType = image.png; path = stop.png; sourceTree = "<group>"; };
/* End PBXFileReference section */

/* Begin PBXFrameworksBuildPhase section */
		842D11D21D6E8E3300A1FF19 /* Frameworks */ = {
			isa = PBXFrameworksBuildPhase;
			buildActionMask = 2147483647;
			files = (
			);
			runOnlyForDeploymentPostprocessing = 0;
		};
		842D11E61D6E8E3300A1FF19 /* Frameworks */ = {
			isa = PBXFrameworksBuildPhase;
			buildActionMask = 2147483647;
			files = (
			);
			runOnlyForDeploymentPostprocessing = 0;
		};
		842D11F11D6E8E3300A1FF19 /* Frameworks */ = {
			isa = PBXFrameworksBuildPhase;
			buildActionMask = 2147483647;
			files = (
			);
			runOnlyForDeploymentPostprocessing = 0;
		};
/* End PBXFrameworksBuildPhase section */

/* Begin PBXGroup section */
		842D11CC1D6E8E3300A1FF19 = {
			isa = PBXGroup;
			children = (
				842D11D71D6E8E3300A1FF19 /* PlayMusicVideo */,
				842D11EC1D6E8E3300A1FF19 /* PlayMusicVideoTests */,
				842D11F71D6E8E3300A1FF19 /* PlayMusicVideoUITests */,
				842D11D61D6E8E3300A1FF19 /* Products */,
			);
			sourceTree = "<group>";
		};
		842D11D61D6E8E3300A1FF19 /* Products */ = {
			isa = PBXGroup;
			children = (
				842D11D51D6E8E3300A1FF19 /* PlayMusicVideo.app */,
				842D11E91D6E8E3300A1FF19 /* PlayMusicVideoTests.xctest */,
				842D11F41D6E8E3300A1FF19 /* PlayMusicVideoUITests.xctest */,
			);
			name = Products;
			sourceTree = "<group>";
		};
		842D11D71D6E8E3300A1FF19 /* PlayMusicVideo */ = {
			isa = PBXGroup;
			children = (
				842D120E1D6EA02B00A1FF19 /* Storyboard */,
				842D120D1D6EA01300A1FF19 /* Controller */,
				842D11DF1D6E8E3300A1FF19 /* Assets.xcassets */,
				842D12061D6E9AE700A1FF19 /* Resource */,
				842D120F1D6EA03D00A1FF19 /* Support */,
			);
			path = PlayMusicVideo;
			sourceTree = "<group>";
		};
		842D11EC1D6E8E3300A1FF19 /* PlayMusicVideoTests */ = {
			isa = PBXGroup;
			children = (
				842D11ED1D6E8E3300A1FF19 /* PlayMusicVideoTests.swift */,
				842D11EF1D6E8E3300A1FF19 /* Info.plist */,
			);
			path = PlayMusicVideoTests;
			sourceTree = "<group>";
		};
		842D11F71D6E8E3300A1FF19 /* PlayMusicVideoUITests */ = {
			isa = PBXGroup;
			children = (
				842D11F81D6E8E3300A1FF19 /* PlayMusicVideoUITests.swift */,
				842D11FA1D6E8E3300A1FF19 /* Info.plist */,
			);
			path = PlayMusicVideoUITests;
			sourceTree = "<group>";
		};
		842D12061D6E9AE700A1FF19 /* Resource */ = {
			isa = PBXGroup;
			children = (
				842D12101D6EA24C00A1FF19 /* We Don t Talk Anymore Heyder Remix - Charlie Puth Selena Gomez.mp3 */,
				842D12081D6E9AFF00A1FF19 /* play.png */,
				842D12121D6EDB1400A1FF19 /* pause.png */,
				842D12131D6EDB1400A1FF19 /* stop.png */,
			);
			name = Resource;
			sourceTree = "<group>";
		};
		842D120D1D6EA01300A1FF19 /* Controller */ = {
			isa = PBXGroup;
			children = (
				842D11DA1D6E8E3300A1FF19 /* ViewController.swift */,
			);
			name = Controller;
			sourceTree = "<group>";
		};
		842D120E1D6EA02B00A1FF19 /* Storyboard */ = {
			isa = PBXGroup;
			children = (
				842D11DC1D6E8E3300A1FF19 /* Main.storyboard */,
			);
			name = Storyboard;
			sourceTree = "<group>";
		};
		842D120F1D6EA03D00A1FF19 /* Support */ = {
			isa = PBXGroup;
			children = (
				842D11D81D6E8E3300A1FF19 /* AppDelegate.swift */,
				842D11E11D6E8E3300A1FF19 /* LaunchScreen.storyboard */,
				842D11E41D6E8E3300A1FF19 /* Info.plist */,
			);
			name = Support;
			sourceTree = "<group>";
		};
/* End PBXGroup section */

/* Begin PBXNativeTarget section */
		842D11D41D6E8E3300A1FF19 /* PlayMusicVideo */ = {
			isa = PBXNativeTarget;
			buildConfigurationList = 842D11FD1D6E8E3300A1FF19 /* Build configuration list for PBXNativeTarget "PlayMusicVideo" */;
			buildPhases = (
				842D11D11D6E8E3300A1FF19 /* Sources */,
				842D11D21D6E8E3300A1FF19 /* Frameworks */,
				842D11D31D6E8E3300A1FF19 /* Resources */,
			);
			buildRules = (
			);
			dependencies = (
			);
			name = PlayMusicVideo;
			productName = PlayMusicVideo;
			productReference = 842D11D51D6E8E3300A1FF19 /* PlayMusicVideo.app */;
			productType = "com.apple.product-type.application";
		};
		842D11E81D6E8E3300A1FF19 /* PlayMusicVideoTests */ = {
			isa = PBXNativeTarget;
			buildConfigurationList = 842D12001D6E8E3300A1FF19 /* Build configuration list for PBXNativeTarget "PlayMusicVideoTests" */;
			buildPhases = (
				842D11E51D6E8E3300A1FF19 /* Sources */,
				842D11E61D6E8E3300A1FF19 /* Frameworks */,
				842D11E71D6E8E3300A1FF19 /* Resources */,
			);
			buildRules = (
			);
			dependencies = (
				842D11EB1D6E8E3300A1FF19 /* PBXTargetDependency */,
			);
			name = PlayMusicVideoTests;
			productName = PlayMusicVideoTests;
			productReference = 842D11E91D6E8E3300A1FF19 /* PlayMusicVideoTests.xctest */;
			productType = "com.apple.product-type.bundle.unit-test";
		};
		842D11F31D6E8E3300A1FF19 /* PlayMusicVideoUITests */ = {
			isa = PBXNativeTarget;
			buildConfigurationList = 842D12031D6E8E3300A1FF19 /* Build configuration list for PBXNativeTarget "PlayMusicVideoUITests" */;
			buildPhases = (
				842D11F01D6E8E3300A1FF19 /* Sources */,
				842D11F11D6E8E3300A1FF19 /* Frameworks */,
				842D11F21D6E8E3300A1FF19 /* Resources */,
			);
			buildRules = (
			);
			dependencies = (
				842D11F61D6E8E3300A1FF19 /* PBXTargetDependency */,
			);
			name = PlayMusicVideoUITests;
			productName = PlayMusicVideoUITests;
			productReference = 842D11F41D6E8E3300A1FF19 /* PlayMusicVideoUITests.xctest */;
			productType = "com.apple.product-type.bundle.ui-testing";
		};
/* End PBXNativeTarget section */

/* Begin PBXProject section */
		842D11CD1D6E8E3300A1FF19 /* Project object */ = {
			isa = PBXProject;
			attributes = {
				LastSwiftUpdateCheck = 0730;
				LastUpgradeCheck = 0730;
				ORGANIZATIONNAME = congtruong;
				TargetAttributes = {
					842D11D41D6E8E3300A1FF19 = {
						CreatedOnToolsVersion = 7.3.1;
					};
					842D11E81D6E8E3300A1FF19 = {
						CreatedOnToolsVersion = 7.3.1;
						TestTargetID = 842D11D41D6E8E3300A1FF19;
					};
					842D11F31D6E8E3300A1FF19 = {
						CreatedOnToolsVersion = 7.3.1;
						TestTargetID = 842D11D41D6E8E3300A1FF19;
					};
				};
			};
			buildConfigurationList = 842D11D01D6E8E3300A1FF19 /* Build configuration list for PBXProject "PlayMusicVideo" */;
			compatibilityVersion = "Xcode 3.2";
			developmentRegion = English;
			hasScannedForEncodings = 0;
			knownRegions = (
				en,
				Base,
			);
			mainGroup = 842D11CC1D6E8E3300A1FF19;
			productRefGroup = 842D11D61D6E8E3300A1FF19 /* Products */;
			projectDirPath = "";
			projectRoot = "";
			targets = (
				842D11D41D6E8E3300A1FF19 /* PlayMusicVideo */,
				842D11E81D6E8E3300A1FF19 /* PlayMusicVideoTests */,
				842D11F31D6E8E3300A1FF19 /* PlayMusicVideoUITests */,
			);
		};
/* End PBXProject section */

/* Begin PBXResourcesBuildPhase section */
		842D11D31D6E8E3300A1FF19 /* Resources */ = {
			isa = PBXResourcesBuildPhase;
			buildActionMask = 2147483647;
			files = (
				842D11E31D6E8E3300A1FF19 /* LaunchScreen.storyboard in Resources */,
				842D120B1D6E9AFF00A1FF19 /* play.png in Resources */,
				842D12141D6EDB1400A1FF19 /* pause.png in Resources */,
				842D12151D6EDB1400A1FF19 /* stop.png in Resources */,
				842D11E01D6E8E3300A1FF19 /* Assets.xcassets in Resources */,
				842D12111D6EA24C00A1FF19 /* We Don t Talk Anymore Heyder Remix - Charlie Puth Selena Gomez.mp3 in Resources */,
				842D11DE1D6E8E3300A1FF19 /* Main.storyboard in Resources */,
			);
			runOnlyForDeploymentPostprocessing = 0;
		};
		842D11E71D6E8E3300A1FF19 /* Resources */ = {
			isa = PBXResourcesBuildPhase;
			buildActionMask = 2147483647;
			files = (
			);
			runOnlyForDeploymentPostprocessing = 0;
		};
		842D11F21D6E8E3300A1FF19 /* Resources */ = {
			isa = PBXResourcesBuildPhase;
			buildActionMask = 2147483647;
			files = (
			);
			runOnlyForDeploymentPostprocessing = 0;
		};
/* End PBXResourcesBuildPhase section */

/* Begin PBXSourcesBuildPhase section */
		842D11D11D6E8E3300A1FF19 /* Sources */ = {
			isa = PBXSourcesBuildPhase;
			buildActionMask = 2147483647;
			files = (
				842D11DB1D6E8E3300A1FF19 /* ViewController.swift in Sources */,
				842D11D91D6E8E3300A1FF19 /* AppDelegate.swift in Sources */,
			);
			runOnlyForDeploymentPostprocessing = 0;
		};
		842D11E51D6E8E3300A1FF19 /* Sources */ = {
			isa = PBXSourcesBuildPhase;
			buildActionMask = 2147483647;
			files = (
				842D11EE1D6E8E3300A1FF19 /* PlayMusicVideoTests.swift in Sources */,
			);
			runOnlyForDeploymentPostprocessing = 0;
		};
		842D11F01D6E8E3300A1FF19 /* Sources */ = {
			isa = PBXSourcesBuildPhase;
			buildActionMask = 2147483647;
			files = (
				842D11F91D6E8E3300A1FF19 /* PlayMusicVideoUITests.swift in Sources */,
			);
			runOnlyForDeploymentPostprocessing = 0;
		};
/* End PBXSourcesBuildPhase section */

/* Begin PBXTargetDependency section */
		842D11EB1D6E8E3300A1FF19 /* PBXTargetDependency */ = {
			isa = PBXTargetDependency;
			target = 842D11D41D6E8E3300A1FF19 /* PlayMusicVideo */;
			targetProxy = 842D11EA1D6E8E3300A1FF19 /* PBXContainerItemProxy */;
		};
		842D11F61D6E8E3300A1FF19 /* PBXTargetDependency */ = {
			isa = PBXTargetDependency;
			target = 842D11D41D6E8E3300A1FF19 /* PlayMusicVideo */;
			targetProxy = 842D11F51D6E8E3300A1FF19 /* PBXContainerItemProxy */;
		};
/* End PBXTargetDependency section */

/* Begin PBXVariantGroup section */
		842D11DC1D6E8E3300A1FF19 /* Main.storyboard */ = {
			isa = PBXVariantGroup;
			children = (
				842D11DD1D6E8E3300A1FF19 /* Base */,
			);
			name = Main.storyboard;
			sourceTree = "<group>";
		};
		842D11E11D6E8E3300A1FF19 /* LaunchScreen.storyboard */ = {
			isa = PBXVariantGroup;
			children = (
				842D11E21D6E8E3300A1FF19 /* Base */,
			);
			name = LaunchScreen.storyboard;
			sourceTree = "<group>";
		};
/* End PBXVariantGroup section */

/* Begin XCBuildConfiguration section */
		842D11FB1D6E8E3300A1FF19 /* Debug */ = {
			isa = XCBuildConfiguration;
			buildSettings = {
				ALWAYS_SEARCH_USER_PATHS = NO;
				CLANG_ANALYZER_NONNULL = YES;
				CLANG_CXX_LANGUAGE_STANDARD = "gnu++0x";
				CLANG_CXX_LIBRARY = "libc++";
				CLANG_ENABLE_MODULES = YES;
				CLANG_ENABLE_OBJC_ARC = YES;
				CLANG_WARN_BOOL_CONVERSION = YES;
				CLANG_WARN_CONSTANT_CONVERSION = YES;
				CLANG_WARN_DIRECT_OBJC_ISA_USAGE = YES_ERROR;
				CLANG_WARN_EMPTY_BODY = YES;
				CLANG_WARN_ENUM_CONVERSION = YES;
				CLANG_WARN_INT_CONVERSION = YES;
				CLANG_WARN_OBJC_ROOT_CLASS = YES_ERROR;
				CLANG_WARN_UNREACHABLE_CODE = YES;
				CLANG_WARN__DUPLICATE_METHOD_MATCH = YES;
				"CODE_SIGN_IDENTITY[sdk=iphoneos*]" = "iPhone Developer";
				COPY_PHASE_STRIP = NO;
				DEBUG_INFORMATION_FORMAT = dwarf;
				ENABLE_STRICT_OBJC_MSGSEND = YES;
				ENABLE_TESTABILITY = YES;
				GCC_C_LANGUAGE_STANDARD = gnu99;
				GCC_DYNAMIC_NO_PIC = NO;
				GCC_NO_COMMON_BLOCKS = YES;
				GCC_OPTIMIZATION_LEVEL = 0;
				GCC_PREPROCESSOR_DEFINITIONS = (
					"DEBUG=1",
					"$(inherited)",
				);
				GCC_WARN_64_TO_32_BIT_CONVERSION = YES;
				GCC_WARN_ABOUT_RETURN_TYPE = YES_ERROR;
				GCC_WARN_UNDECLARED_SELECTOR = YES;
				GCC_WARN_UNINITIALIZED_AUTOS = YES_AGGRESSIVE;
				GCC_WARN_UNUSED_FUNCTION = YES;
				GCC_WARN_UNUSED_VARIABLE = YES;
				IPHONEOS_DEPLOYMENT_TARGET = 9.3;
				MTL_ENABLE_DEBUG_INFO = YES;
				ONLY_ACTIVE_ARCH = YES;
				SDKROOT = iphoneos;
				SWIFT_OPTIMIZATION_LEVEL = "-Onone";
				TARGETED_DEVICE_FAMILY = "1,2";
			};
			name = Debug;
		};
		842D11FC1D6E8E3300A1FF19 /* Release */ = {
			isa = XCBuildConfiguration;
			buildSettings = {
				ALWAYS_SEARCH_USER_PATHS = NO;
				CLANG_ANALYZER_NONNULL = YES;
				CLANG_CXX_LANGUAGE_STANDARD = "gnu++0x";
				CLANG_CXX_LIBRARY = "libc++";
				CLANG_ENABLE_MODULES = YES;
				CLANG_ENABLE_OBJC_ARC = YES;
				CLANG_WARN_BOOL_CONVERSION = YES;
				CLANG_WARN_CONSTANT_CONVERSION = YES;
				CLANG_WARN_DIRECT_OBJC_ISA_USAGE = YES_ERROR;
				CLANG_WARN_EMPTY_BODY = YES;
				CLANG_WARN_ENUM_CONVERSION = YES;
				CLANG_WARN_INT_CONVERSION = YES;
				CLANG_WARN_OBJC_ROOT_CLASS = YES_ERROR;
				CLANG_WARN_UNREACHABLE_CODE = YES;
				CLANG_WARN__DUPLICATE_METHOD_MATCH = YES;
				"CODE_SIGN_IDENTITY[sdk=iphoneos*]" = "iPhone Developer";
				COPY_PHASE_STRIP = NO;
				DEBUG_INFORMATION_FORMAT = "dwarf-with-dsym";
				ENABLE_NS_ASSERTIONS = NO;
				ENABLE_STRICT_OBJC_MSGSEND = YES;
				GCC_C_LANGUAGE_STANDARD = gnu99;
				GCC_NO_COMMON_BLOCKS = YES;
				GCC_WARN_64_TO_32_BIT_CONVERSION = YES;
				GCC_WARN_ABOUT_RETURN_TYPE = YES_ERROR;
				GCC_WARN_UNDECLARED_SELECTOR = YES;
				GCC_WARN_UNINITIALIZED_AUTOS = YES_AGGRESSIVE;
				GCC_WARN_UNUSED_FUNCTION = YES;
				GCC_WARN_UNUSED_VARIABLE = YES;
				IPHONEOS_DEPLOYMENT_TARGET = 9.3;
				MTL_ENABLE_DEBUG_INFO = NO;
				SDKROOT = iphoneos;
				TARGETED_DEVICE_FAMILY = "1,2";
				VALIDATE_PRODUCT = YES;
			};
			name = Release;
		};
		842D11FE1D6E8E3300A1FF19 /* Debug */ = {
			isa = XCBuildConfiguration;
			buildSettings = {
				ASSETCATALOG_COMPILER_APPICON_NAME = AppIcon;
				INFOPLIST_FILE = PlayMusicVideo/Info.plist;
				LD_RUNPATH_SEARCH_PATHS = "$(inherited) @executable_path/Frameworks";
				PRODUCT_BUNDLE_IDENTIFIER = VNG.PlayMusicVideo;
				PRODUCT_NAME = "$(TARGET_NAME)";
			};
			name = Debug;
		};
		842D11FF1D6E8E3300A1FF19 /* Release */ = {
			isa = XCBuildConfiguration;
			buildSettings = {
				ASSETCATALOG_COMPILER_APPICON_NAME = AppIcon;
				INFOPLIST_FILE = PlayMusicVideo/Info.plist;
				LD_RUNPATH_SEARCH_PATHS = "$(inherited) @executable_path/Frameworks";
				PRODUCT_BUNDLE_IDENTIFIER = VNG.PlayMusicVideo;
				PRODUCT_NAME = "$(TARGET_NAME)";
			};
			name = Release;
		};
		842D12011D6E8E3300A1FF19 /* Debug */ = {
			isa = XCBuildConfiguration;
			buildSettings = {
				BUNDLE_LOADER = "$(TEST_HOST)";
				INFOPLIST_FILE = PlayMusicVideoTests/Info.plist;
				LD_RUNPATH_SEARCH_PATHS = "$(inherited) @executable_path/Frameworks @loader_path/Frameworks";
				PRODUCT_BUNDLE_IDENTIFIER = VNG.PlayMusicVideoTests;
				PRODUCT_NAME = "$(TARGET_NAME)";
				TEST_HOST = "$(BUILT_PRODUCTS_DIR)/PlayMusicVideo.app/PlayMusicVideo";
			};
			name = Debug;
		};
		842D12021D6E8E3300A1FF19 /* Release */ = {
			isa = XCBuildConfiguration;
			buildSettings = {
				BUNDLE_LOADER = "$(TEST_HOST)";
				INFOPLIST_FILE = PlayMusicVideoTests/Info.plist;
				LD_RUNPATH_SEARCH_PATHS = "$(inherited) @executable_path/Frameworks @loader_path/Frameworks";
				PRODUCT_BUNDLE_IDENTIFIER = VNG.PlayMusicVideoTests;
				PRODUCT_NAME = "$(TARGET_NAME)";
				TEST_HOST = "$(BUILT_PRODUCTS_DIR)/PlayMusicVideo.app/PlayMusicVideo";
			};
			name = Release;
		};
		842D12041D6E8E3300A1FF19 /* Debug */ = {
			isa = XCBuildConfiguration;
			buildSettings = {
				INFOPLIST_FILE = PlayMusicVideoUITests/Info.plist;
				LD_RUNPATH_SEARCH_PATHS = "$(inherited) @executable_path/Frameworks @loader_path/Frameworks";
				PRODUCT_BUNDLE_IDENTIFIER = VNG.PlayMusicVideoUITests;
				PRODUCT_NAME = "$(TARGET_NAME)";
				TEST_TARGET_NAME = PlayMusicVideo;
			};
			name = Debug;
		};
		842D12051D6E8E3300A1FF19 /* Release */ = {
			isa = XCBuildConfiguration;
			buildSettings = {
				INFOPLIST_FILE = PlayMusicVideoUITests/Info.plist;
				LD_RUNPATH_SEARCH_PATHS = "$(inherited) @executable_path/Frameworks @loader_path/Frameworks";
				PRODUCT_BUNDLE_IDENTIFIER = VNG.PlayMusicVideoUITests;
				PRODUCT_NAME = "$(TARGET_NAME)";
				TEST_TARGET_NAME = PlayMusicVideo;
			};
			name = Release;
		};
/* End XCBuildConfiguration section */

/* Begin XCConfigurationList section */
		842D11D01D6E8E3300A1FF19 /* Build configuration list for PBXProject "PlayMusicVideo" */ = {
			isa = XCConfigurationList;
			buildConfigurations = (
				842D11FB1D6E8E3300A1FF19 /* Debug */,
				842D11FC1D6E8E3300A1FF19 /* Release */,
			);
			defaultConfigurationIsVisible = 0;
			defaultConfigurationName = Release;
		};
		842D11FD1D6E8E3300A1FF19 /* Build configuration list for PBXNativeTarget "PlayMusicVideo" */ = {
			isa = XCConfigurationList;
			buildConfigurations = (
				842D11FE1D6E8E3300A1FF19 /* Debug */,
				842D11FF1D6E8E3300A1FF19 /* Release */,
			);
			defaultConfigurationIsVisible = 0;
		};
		842D12001D6E8E3300A1FF19 /* Build configuration list for PBXNativeTarget "PlayMusicVideoTests" */ = {
			isa = XCConfigurationList;
			buildConfigurations = (
				842D12011D6E8E3300A1FF19 /* Debug */,
				842D12021D6E8E3300A1FF19 /* Release */,
			);
			defaultConfigurationIsVisible = 0;
		};
		842D12031D6E8E3300A1FF19 /* Build configuration list for PBXNativeTarget "PlayMusicVideoUITests" */ = {
			isa = XCConfigurationList;
			buildConfigurations = (
				842D12041D6E8E3300A1FF19 /* Debug */,
				842D12051D6E8E3300A1FF19 /* Release */,
			);
			defaultConfigurationIsVisible = 0;
		};
/* End XCConfigurationList section */
	};
	rootObject = 842D11CD1D6E8E3300A1FF19 /* Project object */;
}
